# This file is generated by running "yarn install" inside your project.
# Manual changes might be lost - proceed with caution!

__metadata:
  version: 6
  cacheKey: 8

"@grammyjs/types@npm:3.3.0":
  version: 3.3.0
  resolution: "@grammyjs/types@npm:3.3.0"
  checksum: f8bdf49dc366497dc1fc4744a5784a575e7a24d4d8c654bd0952e7adce60d3aa16c94336fda6ec48e1c8ca5a195608e44d82a41d7eb752bdfbb170ced5653771
  languageName: node
  linkType: hard

"@roziscoding/grammy-autoquote@npm:^1.1.2":
  version: 1.1.2
  resolution: "@roziscoding/grammy-autoquote@npm:1.1.2"
  peerDependencies:
    grammy: ^1.5.1
  checksum: c725da9f36f29dfe49cc371dcb5c28be318f0a79f4ba86a40d313a75586a521debe7dc95c6cf600ffb9d1c14e6bf425ff5c1df55d4072b32516155458be35bb5
  languageName: node
  linkType: hard

"@types/node-fetch@npm:^2.6.4":
  version: 2.6.7
  resolution: "@types/node-fetch@npm:2.6.7"
  dependencies:
    "@types/node": "*"
    form-data: ^4.0.0
  checksum: 543a540186941e81ca4dda283b5f7bce1d7a93af3ee2c8161fc48d078789e9ce976332ce70f22644293414f680e3f9627d3ef8f59105cf2ea901d5e4acf58d3f
  languageName: node
  linkType: hard

"@types/node@npm:*, @types/node@npm:^18.11.18":
  version: 18.18.6
  resolution: "@types/node@npm:18.18.6"
  checksum: a847639b8455fd3dfa6dbc2917274c82c9db789f1d41aaf69f94ac6c9e54c3c1dd29be6e1e1ccd7c17e54db3d78d7011bc4e70544c6447ceca253dccc0a187e1
  languageName: node
  linkType: hard

"abort-controller@npm:^3.0.0":
  version: 3.0.0
  resolution: "abort-controller@npm:3.0.0"
  dependencies:
    event-target-shim: ^5.0.0
  checksum: 170bdba9b47b7e65906a28c8ce4f38a7a369d78e2271706f020849c1bfe0ee2067d4261df8bbb66eb84f79208fd5b710df759d64191db58cfba7ce8ef9c54b75
  languageName: node
  linkType: hard

"agentkeepalive@npm:^4.2.1":
  version: 4.5.0
  resolution: "agentkeepalive@npm:4.5.0"
  dependencies:
    humanize-ms: ^1.2.1
  checksum: 13278cd5b125e51eddd5079f04d6fe0914ac1b8b91c1f3db2c1822f99ac1a7457869068997784342fe455d59daaff22e14fb7b8c3da4e741896e7e31faf92481
  languageName: node
  linkType: hard

"asynckit@npm:^0.4.0":
  version: 0.4.0
  resolution: "asynckit@npm:0.4.0"
  checksum: 7b78c451df768adba04e2d02e63e2d0bf3b07adcd6e42b4cf665cb7ce899bedd344c69a1dcbce355b5f972d597b25aaa1c1742b52cffd9caccb22f348114f6be
  languageName: node
  linkType: hard

"axios@npm:^1.4.0":
  version: 1.5.1
  resolution: "axios@npm:1.5.1"
  dependencies:
    follow-redirects: ^1.15.0
    form-data: ^4.0.0
    proxy-from-env: ^1.1.0
  checksum: 4444f06601f4ede154183767863d2b8e472b4a6bfc5253597ed6d21899887e1fd0ee2b3de792ac4f8459fe2e359d2aa07c216e45fd8b9e4e0688a6ebf48a5a8d
  languageName: node
  linkType: hard

"base-64@npm:^0.1.0":
  version: 0.1.0
  resolution: "base-64@npm:0.1.0"
  checksum: 5a42938f82372ab5392cbacc85a5a78115cbbd9dbef9f7540fa47d78763a3a8bd7d598475f0d92341f66285afd377509851a9bb5c67bbecb89686e9255d5b3eb
  languageName: node
  linkType: hard

"charenc@npm:0.0.2":
  version: 0.0.2
  resolution: "charenc@npm:0.0.2"
  checksum: 81dcadbe57e861d527faf6dd3855dc857395a1c4d6781f4847288ab23cffb7b3ee80d57c15bba7252ffe3e5e8019db767757ee7975663ad2ca0939bb8fcaf2e5
  languageName: node
  linkType: hard

"combined-stream@npm:^1.0.8":
  version: 1.0.8
  resolution: "combined-stream@npm:1.0.8"
  dependencies:
    delayed-stream: ~1.0.0
  checksum: 49fa4aeb4916567e33ea81d088f6584749fc90c7abec76fd516bf1c5aa5c79f3584b5ba3de6b86d26ddd64bae5329c4c7479343250cfe71c75bb366eae53bb7c
  languageName: node
  linkType: hard

"cron-parser@npm:^4.2.0":
  version: 4.9.0
  resolution: "cron-parser@npm:4.9.0"
  dependencies:
    luxon: ^3.2.1
  checksum: 3cf248fc5cae6c19ec7124962b1cd84b76f02b9bc4f58976b3bd07624db3ef10aaf1548efcc2d2dcdab0dad4f12029d640a55ecce05ea5e1596af9db585502cf
  languageName: node
  linkType: hard

"crypt@npm:0.0.2":
  version: 0.0.2
  resolution: "crypt@npm:0.0.2"
  checksum: baf4c7bbe05df656ec230018af8cf7dbe8c14b36b98726939cef008d473f6fe7a4fad906cfea4062c93af516f1550a3f43ceb4d6615329612c6511378ed9fe34
  languageName: node
  linkType: hard

"debug@npm:^4.3.4":
  version: 4.3.4
  resolution: "debug@npm:4.3.4"
  dependencies:
    ms: 2.1.2
  peerDependenciesMeta:
    supports-color:
      optional: true
  checksum: 3dbad3f94ea64f34431a9cbf0bafb61853eda57bff2880036153438f50fb5a84f27683ba0d8e5426bf41a8c6ff03879488120cf5b3a761e77953169c0600a708
  languageName: node
  linkType: hard

"delayed-stream@npm:~1.0.0":
  version: 1.0.0
  resolution: "delayed-stream@npm:1.0.0"
  checksum: 46fe6e83e2cb1d85ba50bd52803c68be9bd953282fa7096f51fc29edd5d67ff84ff753c51966061e5ba7cb5e47ef6d36a91924eddb7f3f3483b1c560f77a0020
  languageName: node
  linkType: hard

"digest-fetch@npm:^1.3.0":
  version: 1.3.0
  resolution: "digest-fetch@npm:1.3.0"
  dependencies:
    base-64: ^0.1.0
    md5: ^2.3.0
  checksum: 8ebdb4b9ef02b1ac0da532d25c7d08388f2552813dfadabfe7c4630e944bb4a48093b997fc926440a10e1ccf4912f2ce9adcf2d6687b0518dab8480e08f22f9d
  languageName: node
  linkType: hard

"dotenv@npm:^16.3.1":
  version: 16.3.1
  resolution: "dotenv@npm:16.3.1"
  checksum: 15d75e7279018f4bafd0ee9706593dd14455ddb71b3bcba9c52574460b7ccaf67d5cf8b2c08a5af1a9da6db36c956a04a1192b101ee102a3e0cf8817bbcf3dfd
  languageName: node
  linkType: hard

"event-target-shim@npm:^5.0.0":
  version: 5.0.1
  resolution: "event-target-shim@npm:5.0.1"
  checksum: 1ffe3bb22a6d51bdeb6bf6f7cf97d2ff4a74b017ad12284cc9e6a279e727dc30a5de6bb613e5596ff4dc3e517841339ad09a7eec44266eccb1aa201a30448166
  languageName: node
  linkType: hard

"follow-redirects@npm:^1.15.0":
  version: 1.15.3
  resolution: "follow-redirects@npm:1.15.3"
  peerDependenciesMeta:
    debug:
      optional: true
  checksum: 584da22ec5420c837bd096559ebfb8fe69d82512d5585004e36a3b4a6ef6d5905780e0c74508c7b72f907d1fa2b7bd339e613859e9c304d0dc96af2027fd0231
  languageName: node
  linkType: hard

"form-data-encoder@npm:1.7.2":
  version: 1.7.2
  resolution: "form-data-encoder@npm:1.7.2"
  checksum: aeebd87a1cb009e13cbb5e4e4008e6202ed5f6551eb6d9582ba8a062005178907b90f4887899d3c993de879159b6c0c940af8196725b428b4248cec5af3acf5f
  languageName: node
  linkType: hard

"form-data@npm:^4.0.0":
  version: 4.0.0
  resolution: "form-data@npm:4.0.0"
  dependencies:
    asynckit: ^0.4.0
    combined-stream: ^1.0.8
    mime-types: ^2.1.12
  checksum: 01135bf8675f9d5c61ff18e2e2932f719ca4de964e3be90ef4c36aacfc7b9cb2fceb5eca0b7e0190e3383fe51c5b37f4cb80b62ca06a99aaabfcfd6ac7c9328c
  languageName: node
  linkType: hard

"formdata-node@npm:^4.3.2":
  version: 4.4.1
  resolution: "formdata-node@npm:4.4.1"
  dependencies:
    node-domexception: 1.0.0
    web-streams-polyfill: 4.0.0-beta.3
  checksum: d91d4f667cfed74827fc281594102c0dabddd03c9f8b426fc97123eedbf73f5060ee43205d89284d6854e2fc5827e030cd352ef68b93beda8decc2d72128c576
  languageName: node
  linkType: hard

"grammy@npm:^1.17.2":
  version: 1.19.2
  resolution: "grammy@npm:1.19.2"
  dependencies:
    "@grammyjs/types": 3.3.0
    abort-controller: ^3.0.0
    debug: ^4.3.4
    node-fetch: ^2.7.0
  checksum: 7254b064d85a0e844f49f9196aea32412dc88c89e616cb338e67807265584f490695ed229cb91c284da733702a88812b936170c65fcad1b7a7d99f6db338a89c
  languageName: node
  linkType: hard

"humanize-ms@npm:^1.2.1":
  version: 1.2.1
  resolution: "humanize-ms@npm:1.2.1"
  dependencies:
    ms: ^2.0.0
  checksum: 9c7a74a2827f9294c009266c82031030eae811ca87b0da3dceb8d6071b9bde22c9f3daef0469c3c533cc67a97d8a167cd9fc0389350e5f415f61a79b171ded16
  languageName: node
  linkType: hard

"inherits@npm:2.0.3":
  version: 2.0.3
  resolution: "inherits@npm:2.0.3"
  checksum: 78cb8d7d850d20a5e9a7f3620db31483aa00ad5f722ce03a55b110e5a723539b3716a3b463e2b96ce3fe286f33afc7c131fa2f91407528ba80cea98a7545d4c0
  languageName: node
  linkType: hard

"is-buffer@npm:~1.1.6":
  version: 1.1.6
  resolution: "is-buffer@npm:1.1.6"
  checksum: 4a186d995d8bbf9153b4bd9ff9fd04ae75068fe695d29025d25e592d9488911eeece84eefbd8fa41b8ddcc0711058a71d4c466dcf6f1f6e1d83830052d8ca707
  languageName: node
  linkType: hard

"long-timeout@npm:0.1.1":
  version: 0.1.1
  resolution: "long-timeout@npm:0.1.1"
  checksum: 48668e5362cb74c4b77a6b833d59f149b9bb9e99c5a5097609807e2597cd0920613b2a42b89bd0870848298be3691064d95599a04ae010023d07dba39932afa7
  languageName: node
  linkType: hard

"luxon@npm:^3.2.1":
  version: 3.4.3
  resolution: "luxon@npm:3.4.3"
  checksum: 3eade81506224d038ed24035a0cd0dd4887848d7eba9361dce9ad8ef81380596a68153240be3988721f9690c624fb449fcf8fd8c3fc0681a6a8496faf48e92a3
  languageName: node
  linkType: hard

"md5@npm:^2.3.0":
  version: 2.3.0
  resolution: "md5@npm:2.3.0"
  dependencies:
    charenc: 0.0.2
    crypt: 0.0.2
    is-buffer: ~1.1.6
  checksum: a63cacf4018dc9dee08c36e6f924a64ced735b37826116c905717c41cebeb41a522f7a526ba6ad578f9c80f02cb365033ccd67fe186ffbcc1a1faeb75daa9b6e
  languageName: node
  linkType: hard

"mime-db@npm:1.52.0":
  version: 1.52.0
  resolution: "mime-db@npm:1.52.0"
  checksum: 0d99a03585f8b39d68182803b12ac601d9c01abfa28ec56204fa330bc9f3d1c5e14beb049bafadb3dbdf646dfb94b87e24d4ec7b31b7279ef906a8ea9b6a513f
  languageName: node
  linkType: hard

"mime-types@npm:^2.1.12":
  version: 2.1.35
  resolution: "mime-types@npm:2.1.35"
  dependencies:
    mime-db: 1.52.0
  checksum: 89a5b7f1def9f3af5dad6496c5ed50191ae4331cc5389d7c521c8ad28d5fdad2d06fd81baf38fed813dc4e46bb55c8145bb0ff406330818c9cf712fb2e9b3836
  languageName: node
  linkType: hard

"ms@npm:2.1.2, ms@npm:^2.0.0":
  version: 2.1.2
  resolution: "ms@npm:2.1.2"
  checksum: 673cdb2c3133eb050c745908d8ce632ed2c02d85640e2edb3ace856a2266a813b30c613569bf3354fdf4ea7d1a1494add3bfa95e2713baa27d0c2c71fc44f58f
  languageName: node
  linkType: hard

"node-domexception@npm:1.0.0":
  version: 1.0.0
  resolution: "node-domexception@npm:1.0.0"
  checksum: ee1d37dd2a4eb26a8a92cd6b64dfc29caec72bff5e1ed9aba80c294f57a31ba4895a60fd48347cf17dd6e766da0ae87d75657dfd1f384ebfa60462c2283f5c7f
  languageName: node
  linkType: hard

"node-fetch@npm:^2.6.7, node-fetch@npm:^2.7.0":
  version: 2.7.0
  resolution: "node-fetch@npm:2.7.0"
  dependencies:
    whatwg-url: ^5.0.0
  peerDependencies:
    encoding: ^0.1.0
  peerDependenciesMeta:
    encoding:
      optional: true
  checksum: d76d2f5edb451a3f05b15115ec89fc6be39de37c6089f1b6368df03b91e1633fd379a7e01b7ab05089a25034b2023d959b47e59759cb38d88341b2459e89d6e5
  languageName: node
  linkType: hard

"node-schedule@npm:^2.1.1":
  version: 2.1.1
  resolution: "node-schedule@npm:2.1.1"
  dependencies:
    cron-parser: ^4.2.0
    long-timeout: 0.1.1
    sorted-array-functions: ^1.3.0
  checksum: 6a8822b16fb024277c42efe710bdb35b6f1f6ab3a2f826283640511247d693f34ebd5ddf2863cd91609e7f323574e36c81cd2084dc204fa521f931380f0f963f
  languageName: node
  linkType: hard

"openai@npm:^4.12.4":
  version: 4.12.4
  resolution: "openai@npm:4.12.4"
  dependencies:
    "@types/node": ^18.11.18
    "@types/node-fetch": ^2.6.4
    abort-controller: ^3.0.0
    agentkeepalive: ^4.2.1
    digest-fetch: ^1.3.0
    form-data-encoder: 1.7.2
    formdata-node: ^4.3.2
    node-fetch: ^2.6.7
    web-streams-polyfill: ^3.2.1
  bin:
    openai: bin/cli
  checksum: d0de3d4785387f5dae61545ae753c39bb8fde72770d55b81137d0d5a8ed4d0abd308f4aa8e0ee755a3f64a66a0200f91d7ba4d7c9db10001b50c052e3ed46e29
  languageName: node
  linkType: hard

"path@npm:^0.12.7":
  version: 0.12.7
  resolution: "path@npm:0.12.7"
  dependencies:
    process: ^0.11.1
    util: ^0.10.3
  checksum: 5dedb71e78fc008fcba797defc0b4e1cf06c1f18e0a631e03ba5bb505136f587ff017afc14f9a3d481cbe77aeedff7dc0c1d2ce4d820c1ebf3c4281ca49423a1
  languageName: node
  linkType: hard

"process@npm:^0.11.1":
  version: 0.11.10
  resolution: "process@npm:0.11.10"
  checksum: bfcce49814f7d172a6e6a14d5fa3ac92cc3d0c3b9feb1279774708a719e19acd673995226351a082a9ae99978254e320ccda4240ddc474ba31a76c79491ca7c3
  languageName: node
  linkType: hard

"proxy-from-env@npm:^1.1.0":
  version: 1.1.0
  resolution: "proxy-from-env@npm:1.1.0"
  checksum: ed7fcc2ba0a33404958e34d95d18638249a68c430e30fcb6c478497d72739ba64ce9810a24f53a7d921d0c065e5b78e3822759800698167256b04659366ca4d4
  languageName: node
  linkType: hard

"sorted-array-functions@npm:^1.3.0":
  version: 1.3.0
  resolution: "sorted-array-functions@npm:1.3.0"
  checksum: 673fd39ca3b6c92644d4483eac1700bb7d7555713a536822a7522a35af559bef3e72f10d89356b75042dc394cd7c2e2ab6f40024385218ec3c85bb7335032857
  languageName: node
  linkType: hard

"telegram-javascript-bot@workspace:.":
  version: 0.0.0-use.local
  resolution: "telegram-javascript-bot@workspace:."
  dependencies:
    "@roziscoding/grammy-autoquote": ^1.1.2
    axios: ^1.4.0
    dotenv: ^16.3.1
    grammy: ^1.17.2
    node-schedule: ^2.1.1
    openai: ^4.12.4
    path: ^0.12.7
  languageName: unknown
  linkType: soft

"tr46@npm:~0.0.3":
  version: 0.0.3
  resolution: "tr46@npm:0.0.3"
  checksum: 726321c5eaf41b5002e17ffbd1fb7245999a073e8979085dacd47c4b4e8068ff5777142fc6726d6ca1fd2ff16921b48788b87225cbc57c72636f6efa8efbffe3
  languageName: node
  linkType: hard

"util@npm:^0.10.3":
  version: 0.10.4
  resolution: "util@npm:0.10.4"
  dependencies:
    inherits: 2.0.3
  checksum: 913f9a90d05a60e91f91af01b8bd37e06bca4cc02d7b49e01089f9d5b78be2fffd61fb1a41b517de7238c5fc7337fa939c62d1fb4eb82e014894c7bee6637aaf
  languageName: node
  linkType: hard

"web-streams-polyfill@npm:4.0.0-beta.3":
  version: 4.0.0-beta.3
  resolution: "web-streams-polyfill@npm:4.0.0-beta.3"
  checksum: dfec1fbf52b9140e4183a941e380487b6c3d5d3838dd1259be81506c1c9f2abfcf5aeb670aeeecfd9dff4271a6d8fef931b193c7bedfb42542a3b05ff36c0d16
  languageName: node
  linkType: hard

"web-streams-polyfill@npm:^3.2.1":
  version: 3.2.1
  resolution: "web-streams-polyfill@npm:3.2.1"
  checksum: b119c78574b6d65935e35098c2afdcd752b84268e18746606af149e3c424e15621b6f1ff0b42b2676dc012fc4f0d313f964b41a4b5031e525faa03997457da02
  languageName: node
  linkType: hard

"webidl-conversions@npm:^3.0.0":
  version: 3.0.1
  resolution: "webidl-conversions@npm:3.0.1"
  checksum: c92a0a6ab95314bde9c32e1d0a6dfac83b578f8fa5f21e675bc2706ed6981bc26b7eb7e6a1fab158e5ce4adf9caa4a0aee49a52505d4d13c7be545f15021b17c
  languageName: node
  linkType: hard

"whatwg-url@npm:^5.0.0":
  version: 5.0.0
  resolution: "whatwg-url@npm:5.0.0"
  dependencies:
    tr46: ~0.0.3
    webidl-conversions: ^3.0.0
  checksum: b8daed4ad3356cc4899048a15b2c143a9aed0dfae1f611ebd55073310c7b910f522ad75d727346ad64203d7e6c79ef25eafd465f4d12775ca44b90fa82ed9e2c
  languageName: node
  linkType: hard
